
Microsoft Visual Studio Solution File, Format Version 12.00
# Visual Studio 14
VisualStudioVersion = 14.0.25420.1
MinimumVisualStudioVersion = 10.0.40219.1
Project("{FAE04EC0-301F-11D3-BF4B-00C04F79EFBC}") = "MyFirstWebsite", "MyFirstWebsite\MyFirstWebsite.csproj", "{DCE3C762-D320-45E8-8ABC-55F8088E6AF2}"
EndProject
Project("{FAE04EC0-301F-11D3-BF4B-00C04F79EFBC}") = "StuLib", "StuLib\StuLib.csproj", "{47EF6754-AF0B-403B-A315-B86FF56578EF}"
EndProject
Global
	GlobalSection(SolutionConfigurationPlatforms) = preSolution
		Debug|Any CPU = Debug|Any CPU
		Release|Any CPU = Release|Any CPU
	EndGlobalSection
	GlobalSection(ProjectConfigurationPlatforms) = postSolution
		{DCE3C762-D320-45E8-8ABC-55F8088E6AF2}.Debug|Any CPU.ActiveCfg = Debug|Any CPU
		{DCE3C762-D320-45E8-8ABC-55F8088E6AF2}.Debug|Any CPU.Build.0 = Debug|Any CPU
		{DCE3C762-D320-45E8-8ABC-55F8088E6AF2}.Release|Any CPU.ActiveCfg = Release|Any CPU
		{DCE3C762-D320-45E8-8ABC-55F8088E6AF2}.Release|Any CPU.Build.0 = Release|Any CPU
		{47EF6754-AF0B-403B-A315-B86FF56578EF}.Debug|Any CPU.ActiveCfg = Debug|Any CPU
		{47EF6754-AF0B-403B-A315-B86FF56578EF}.Debug|Any CPU.Build.0 = Debug|Any CPU
		{47EF6754-AF0B-403B-A315-B86FF56578EF}.Release|Any CPU.ActiveCfg = Release|Any CPU
		{47EF6754-AF0B-403B-A315-B86FF56578EF}.Release|Any CPU.Build.0 = Release|Any CPU
	EndGlobalSection
	GlobalSection(SolutionProperties) = preSolution
		HideSolutionNode = FALSE
	EndGlobalSection
EndGlobal
